
Microsoft Visual Studio Solution File, Format Version 12.00
# Visual Studio Version 16
VisualStudioVersion = 16.0.31205.134
MinimumVisualStudioVersion = 10.0.40219.1
Project("{9A19103F-16F7-4668-BE54-9A1E7A4F7556}") = "ConsoleApp3", "ConsoleApp3.csproj", "{0DC04492-ED7F-484A-8C71-2A1F0AC1EFC7}"
EndProject
Project("{FAE04EC0-301F-11D3-BF4B-00C04F79EFBC}") = "ConsoleApp3Tests", "..\ConsoleApp3Tests\ConsoleApp3Tests.csproj", "{144EF7BD-E86A-4832-A9A0-DA6BFFBC3102}"
EndProject
Global
	GlobalSection(SolutionConfigurationPlatforms) = preSolution
		Debug|Any CPU = Debug|Any CPU
		Release|Any CPU = Release|Any CPU
	EndGlobalSection
	GlobalSection(ProjectConfigurationPlatforms) = postSolution
		{0DC04492-ED7F-484A-8C71-2A1F0AC1EFC7}.Debug|Any CPU.ActiveCfg = Debug|Any CPU
		{0DC04492-ED7F-484A-8C71-2A1F0AC1EFC7}.Debug|Any CPU.Build.0 = Debug|Any CPU
		{0DC04492-ED7F-484A-8C71-2A1F0AC1EFC7}.Release|Any CPU.ActiveCfg = Release|Any CPU
		{0DC04492-ED7F-484A-8C71-2A1F0AC1EFC7}.Release|Any CPU.Build.0 = Release|Any CPU
		{144EF7BD-E86A-4832-A9A0-DA6BFFBC3102}.Debug|Any CPU.ActiveCfg = Debug|Any CPU
		{144EF7BD-E86A-4832-A9A0-DA6BFFBC3102}.Debug|Any CPU.Build.0 = Debug|Any CPU
		{144EF7BD-E86A-4832-A9A0-DA6BFFBC3102}.Release|Any CPU.ActiveCfg = Release|Any CPU
		{144EF7BD-E86A-4832-A9A0-DA6BFFBC3102}.Release|Any CPU.Build.0 = Release|Any CPU
	EndGlobalSection
	GlobalSection(SolutionProperties) = preSolution
		HideSolutionNode = FALSE
	EndGlobalSection
	GlobalSection(ExtensibilityGlobals) = postSolution
		SolutionGuid = {360EDE4F-3C01-493A-8BFC-2D17D9F67D5F}
	EndGlobalSection
EndGlobal
